// !$*UTF8*$!
{
	archiveVersion = 1;
	classes = {
	};
	objectVersion = 46;
	objects = {

/* Begin PBXBuildFile section */
		B39436B43E84B8DDC712BCD5 /* ViewController.swift in Sources */ = {isa = PBXBuildFile; fileRef = B39430FBB028F70C02CC93EA /* ViewController.swift */; };
		B39438F708BB9AFFEFCD7603 /* Main.storyboard in Resources */ = {isa = PBXBuildFile; fileRef = B394366D9C8826107AE76AE1 /* Main.storyboard */; };
		B394397A9302634CB3714573 /* AppDelegate.swift in Sources */ = {isa = PBXBuildFile; fileRef = B3943F1250925BFC264EF4F7 /* AppDelegate.swift */; };
		B3943A10A2CEACB12A515BE0 /* OAuth2_LinkedIn_OSXTests.swift in Sources */ = {isa = PBXBuildFile; fileRef = B3943C00B7E8E6F696FABDE2 /* OAuth2_LinkedIn_OSXTests.swift */; };
		B3943D30E5871D5EE2CB4E34 /* Images.xcassets in Resources */ = {isa = PBXBuildFile; fileRef = B3943D618A6A99E31F4DB9DE /* Images.xcassets */; };
/* End PBXBuildFile section */

/* Begin PBXContainerItemProxy section */
		B3943A42C8C11E693F50C53A /* PBXContainerItemProxy */ = {
			isa = PBXContainerItemProxy;
			containerPortal = B3943083D2320BEB5ADEB84F /* Project object */;
			proxyType = 1;
			remoteGlobalIDString = B3943465CB5CA4B001BE3592;
			remoteInfo = "OAuth2 LinkedIn OSX";
		};
/* End PBXContainerItemProxy section */

/* Begin PBXFileReference section */
		B39430CC6971CE3B8EA4FE46 /* Info.plist */ = {isa = PBXFileReference; lastKnownFileType = text.plist.info; path = Info.plist; sourceTree = "<group>"; };
		B39430FBB028F70C02CC93EA /* ViewController.swift */ = {isa = PBXFileReference; lastKnownFileType = sourcecode.swift; path = ViewController.swift; sourceTree = "<group>"; };
		B39432364C57C13573EA36E1 /* OAuth2 LinkedIn OSXTests.xctest */ = {isa = PBXFileReference; explicitFileType = wrapper.cfbundle; includeInIndex = 0; path = "OAuth2 LinkedIn OSXTests.xctest"; sourceTree = BUILT_PRODUCTS_DIR; };
		B39432EC8323DFEA4A300500 /* OAuth2 LinkedIn OSX.app */ = {isa = PBXFileReference; explicitFileType = wrapper.application; includeInIndex = 0; path = "OAuth2 LinkedIn OSX.app"; sourceTree = BUILT_PRODUCTS_DIR; };
		B394360186F130F6202323CF /* Info.plist */ = {isa = PBXFileReference; lastKnownFileType = text.plist.info; path = Info.plist; sourceTree = "<group>"; };
		B3943C00B7E8E6F696FABDE2 /* OAuth2_LinkedIn_OSXTests.swift */ = {isa = PBXFileReference; lastKnownFileType = sourcecode.swift; path = OAuth2_LinkedIn_OSXTests.swift; sourceTree = "<group>"; };
		B3943C1ADB703B3C43DE05E0 /* Base */ = {isa = PBXFileReference; lastKnownFileType = file.storyboard; name = Base; path = Base.lproj/Main.storyboard; sourceTree = "<group>"; };
		B3943D618A6A99E31F4DB9DE /* Images.xcassets */ = {isa = PBXFileReference; lastKnownFileType = folder.assetcatalog; path = Images.xcassets; sourceTree = "<group>"; };
		B3943F1250925BFC264EF4F7 /* AppDelegate.swift */ = {isa = PBXFileReference; lastKnownFileType = sourcecode.swift; path = AppDelegate.swift; sourceTree = "<group>"; };
/* End PBXFileReference section */

/* Begin PBXFrameworksBuildPhase section */
		B39436EA7D2CB9A0835FDB7B /* Frameworks */ = {
			isa = PBXFrameworksBuildPhase;
			buildActionMask = 2147483647;
			files = (
			);
			runOnlyForDeploymentPostprocessing = 0;
		};
		B39436EEF7E1AF091C87353C /* Frameworks */ = {
			isa = PBXFrameworksBuildPhase;
			buildActionMask = 2147483647;
			files = (
			);
			runOnlyForDeploymentPostprocessing = 0;
		};
/* End PBXFrameworksBuildPhase section */

/* Begin PBXGroup section */
		B39435B0BD1CC69A032577AC /* OAuth2 LinkedIn OSXTests */ = {
			isa = PBXGroup;
			children = (
				B39438C50841CB059A8569F9 /* Supporting Files */,
				B3943C00B7E8E6F696FABDE2 /* OAuth2_LinkedIn_OSXTests.swift */,
			);
			path = "OAuth2 LinkedIn OSXTests";
			sourceTree = "<group>";
		};
		B39437DD8DE3D3E8E078693B /* Products */ = {
			isa = PBXGroup;
			children = (
				B39432EC8323DFEA4A300500 /* OAuth2 LinkedIn OSX.app */,
				B39432364C57C13573EA36E1 /* OAuth2 LinkedIn OSXTests.xctest */,
			);
			name = Products;
			sourceTree = "<group>";
		};
		B39438C50841CB059A8569F9 /* Supporting Files */ = {
			isa = PBXGroup;
			children = (
				B39430CC6971CE3B8EA4FE46 /* Info.plist */,
			);
			name = "Supporting Files";
			sourceTree = "<group>";
		};
		B394393EFB9AF66E2AA7ED33 /* Supporting Files */ = {
			isa = PBXGroup;
			children = (
				B394360186F130F6202323CF /* Info.plist */,
			);
			name = "Supporting Files";
			sourceTree = "<group>";
		};
		B3943B94822603D8D4DC59D6 = {
			isa = PBXGroup;
			children = (
				B39437DD8DE3D3E8E078693B /* Products */,
				B3943D6C8B23F54937218F2C /* OAuth2 LinkedIn OSX */,
				B39435B0BD1CC69A032577AC /* OAuth2 LinkedIn OSXTests */,
			);
			sourceTree = "<group>";
		};
		B3943D6C8B23F54937218F2C /* OAuth2 LinkedIn OSX */ = {
			isa = PBXGroup;
			children = (
				B394393EFB9AF66E2AA7ED33 /* Supporting Files */,
				B3943D618A6A99E31F4DB9DE /* Images.xcassets */,
				B3943F1250925BFC264EF4F7 /* AppDelegate.swift */,
				B394366D9C8826107AE76AE1 /* Main.storyboard */,
				B39430FBB028F70C02CC93EA /* ViewController.swift */,
			);
			path = "OAuth2 LinkedIn OSX";
			sourceTree = "<group>";
		};
/* End PBXGroup section */

/* Begin PBXNativeTarget section */
		B394317271EE423A93E8C688 /* OAuth2 LinkedIn OSXTests */ = {
			isa = PBXNativeTarget;
			buildConfigurationList = B3943E107606E3C4E5830A13 /* Build configuration list for PBXNativeTarget "OAuth2 LinkedIn OSXTests" */;
			buildPhases = (
				B39439070F3C2D92ED2587FA /* Sources */,
				B39436EA7D2CB9A0835FDB7B /* Frameworks */,
				B39436E1D6004C6BADD2F67C /* Resources */,
			);
			buildRules = (
			);
			dependencies = (
				B394314AD59C85A25EEF8E4F /* PBXTargetDependency */,
			);
			name = "OAuth2 LinkedIn OSXTests";
			productName = "OAuth2 LinkedIn OSXTests";
			productReference = B39432364C57C13573EA36E1 /* OAuth2 LinkedIn OSXTests.xctest */;
			productType = "com.apple.product-type.bundle.unit-test";
		};
		B3943465CB5CA4B001BE3592 /* OAuth2 LinkedIn OSX */ = {
			isa = PBXNativeTarget;
			buildConfigurationList = B3943D758A2BD81575351A8B /* Build configuration list for PBXNativeTarget "OAuth2 LinkedIn OSX" */;
			buildPhases = (
				B3943CC30BE8022DD7F17B9A /* Sources */,
				B39436EEF7E1AF091C87353C /* Frameworks */,
				B3943D34919C0D51272036CB /* Resources */,
			);
			buildRules = (
			);
			dependencies = (
			);
			name = "OAuth2 LinkedIn OSX";
			productName = "OAuth2 LinkedIn OSX";
			productReference = B39432EC8323DFEA4A300500 /* OAuth2 LinkedIn OSX.app */;
			productType = "com.apple.product-type.application";
		};
/* End PBXNativeTarget section */

/* Begin PBXProject section */
		B3943083D2320BEB5ADEB84F /* Project object */ = {
			isa = PBXProject;
			attributes = {
				ORGANIZATIONNAME = SwiftBlog;
			};
			buildConfigurationList = B3943164BADCCFCFD8993E9A /* Build configuration list for PBXProject "OAuth2 LinkedIn OSX" */;
			compatibilityVersion = "Xcode 3.2";
			developmentRegion = English;
			hasScannedForEncodings = 0;
			knownRegions = (
				en,
			);
			mainGroup = B3943B94822603D8D4DC59D6;
			productRefGroup = B39437DD8DE3D3E8E078693B /* Products */;
			projectDirPath = "";
			projectRoot = "";
			targets = (
				B3943465CB5CA4B001BE3592 /* OAuth2 LinkedIn OSX */,
				B394317271EE423A93E8C688 /* OAuth2 LinkedIn OSXTests */,
			);
		};
/* End PBXProject section */

/* Begin PBXResourcesBuildPhase section */
		B39436E1D6004C6BADD2F67C /* Resources */ = {
			isa = PBXResourcesBuildPhase;
			buildActionMask = 2147483647;
			files = (
			);
			runOnlyForDeploymentPostprocessing = 0;
		};
		B3943D34919C0D51272036CB /* Resources */ = {
			isa = PBXResourcesBuildPhase;
			buildActionMask = 2147483647;
			files = (
				B3943D30E5871D5EE2CB4E34 /* Images.xcassets in Resources */,
				B39438F708BB9AFFEFCD7603 /* Main.storyboard in Resources */,
			);
			runOnlyForDeploymentPostprocessing = 0;
		};
/* End PBXResourcesBuildPhase section */

/* Begin PBXSourcesBuildPhase section */
		B39439070F3C2D92ED2587FA /* Sources */ = {
			isa = PBXSourcesBuildPhase;
			buildActionMask = 2147483647;
			files = (
				B3943A10A2CEACB12A515BE0 /* OAuth2_LinkedIn_OSXTests.swift in Sources */,
			);
			runOnlyForDeploymentPostprocessing = 0;
		};
		B3943CC30BE8022DD7F17B9A /* Sources */ = {
			isa = PBXSourcesBuildPhase;
			buildActionMask = 2147483647;
			files = (
				B394397A9302634CB3714573 /* AppDelegate.swift in Sources */,
				B39436B43E84B8DDC712BCD5 /* ViewController.swift in Sources */,
			);
			runOnlyForDeploymentPostprocessing = 0;
		};
/* End PBXSourcesBuildPhase section */

/* Begin PBXTargetDependency section */
		B394314AD59C85A25EEF8E4F /* PBXTargetDependency */ = {
			isa = PBXTargetDependency;
			target = B3943465CB5CA4B001BE3592 /* OAuth2 LinkedIn OSX */;
			targetProxy = B3943A42C8C11E693F50C53A /* PBXContainerItemProxy */;
		};
/* End PBXTargetDependency section */

/* Begin PBXVariantGroup section */
		B394366D9C8826107AE76AE1 /* Main.storyboard */ = {
			isa = PBXVariantGroup;
			children = (
				B3943C1ADB703B3C43DE05E0 /* Base */,
			);
			name = Main.storyboard;
			sourceTree = "<group>";
		};
/* End PBXVariantGroup section */

/* Begin XCBuildConfiguration section */
		B3943113F1DA55563382C07A /* Release */ = {
			isa = XCBuildConfiguration;
			buildSettings = {
				ALWAYS_SEARCH_USER_PATHS = NO;
				CLANG_CXX_LANGUAGE_STANDARD = "gnu++0x";
				CLANG_CXX_LIBRARY = "libc++";
				CLANG_ENABLE_MODULES = YES;
				CLANG_ENABLE_OBJC_ARC = YES;
				CLANG_WARN_BOOL_CONVERSION = YES;
				CLANG_WARN_CONSTANT_CONVERSION = YES;
				CLANG_WARN_DIRECT_OBJC_ISA_USAGE = YES_ERROR;
				CLANG_WARN_EMPTY_BODY = YES;
				CLANG_WARN_ENUM_CONVERSION = YES;
				CLANG_WARN_INT_CONVERSION = YES;
				CLANG_WARN_OBJC_ROOT_CLASS = YES_ERROR;
				CLANG_WARN_UNREACHABLE_CODE = YES;
				CLANG_WARN__DUPLICATE_METHOD_MATCH = YES;
				CODE_SIGN_IDENTITY = "-";
				COPY_PHASE_STRIP = YES;
				DEBUG_INFORMATION_FORMAT = "dwarf-with-dsym";
				ENABLE_NS_ASSERTIONS = NO;
				ENABLE_STRICT_OBJC_MSGSEND = YES;
				GCC_C_LANGUAGE_STANDARD = gnu99;
				GCC_WARN_64_TO_32_BIT_CONVERSION = YES;
				GCC_WARN_ABOUT_RETURN_TYPE = YES_ERROR;
				GCC_WARN_UNDECLARED_SELECTOR = YES;
				GCC_WARN_UNINITIALIZED_AUTOS = YES_AGGRESSIVE;
				GCC_WARN_UNUSED_FUNCTION = YES;
				GCC_WARN_UNUSED_VARIABLE = YES;
				MACOSX_DEPLOYMENT_TARGET = 10.10;
				MTL_ENABLE_DEBUG_INFO = NO;
				SDKROOT = macosx;
			};
			name = Release;
		};
		B394350F591E57E4F3DBC52D /* Debug */ = {
			isa = XCBuildConfiguration;
			buildSettings = {
				ALWAYS_SEARCH_USER_PATHS = NO;
				CLANG_CXX_LANGUAGE_STANDARD = "gnu++0x";
				CLANG_CXX_LIBRARY = "libc++";
				CLANG_ENABLE_MODULES = YES;
				CLANG_ENABLE_OBJC_ARC = YES;
				CLANG_WARN_BOOL_CONVERSION = YES;
				CLANG_WARN_CONSTANT_CONVERSION = YES;
				CLANG_WARN_DIRECT_OBJC_ISA_USAGE = YES_ERROR;
				CLANG_WARN_EMPTY_BODY = YES;
				CLANG_WARN_ENUM_CONVERSION = YES;
				CLANG_WARN_INT_CONVERSION = YES;
				CLANG_WARN_OBJC_ROOT_CLASS = YES_ERROR;
				CLANG_WARN_UNREACHABLE_CODE = YES;
				CLANG_WARN__DUPLICATE_METHOD_MATCH = YES;
				CODE_SIGN_IDENTITY = "-";
				COPY_PHASE_STRIP = NO;
				ENABLE_STRICT_OBJC_MSGSEND = YES;
				GCC_C_LANGUAGE_STANDARD = gnu99;
				GCC_DYNAMIC_NO_PIC = NO;
				GCC_OPTIMIZATION_LEVEL = 0;
				GCC_PREPROCESSOR_DEFINITIONS = (
					"DEBUG=1",
					"$(inherited)",
				);
				GCC_SYMBOLS_PRIVATE_EXTERN = NO;
				GCC_WARN_64_TO_32_BIT_CONVERSION = YES;
				GCC_WARN_ABOUT_RETURN_TYPE = YES_ERROR;
				GCC_WARN_UNDECLARED_SELECTOR = YES;
				GCC_WARN_UNINITIALIZED_AUTOS = YES_AGGRESSIVE;
				GCC_WARN_UNUSED_FUNCTION = YES;
				GCC_WARN_UNUSED_VARIABLE = YES;
				MACOSX_DEPLOYMENT_TARGET = 10.10;
				MTL_ENABLE_DEBUG_INFO = YES;
				ONLY_ACTIVE_ARCH = YES;
				SDKROOT = macosx;
				SWIFT_OPTIMIZATION_LEVEL = "-Onone";
			};
			name = Debug;
		};
		B394385C24E55395A437BDF0 /* Debug */ = {
			isa = XCBuildConfiguration;
			buildSettings = {
				BUNDLE_LOADER = "$(BUILT_PRODUCTS_DIR)/OAuth2 LinkedIn OSX.app/Contents/MacOS/OAuth2 LinkedIn OSX";
				COMBINE_HIDPI_IMAGES = YES;
				FRAMEWORK_SEARCH_PATHS = (
					"$(DEVELOPER_FRAMEWORKS_DIR)",
					"$(inherited)",
				);
				INFOPLIST_FILE = "OAuth2 LinkedIn OSXTests/Info.plist";
				LD_RUNPATH_SEARCH_PATHS = "$(inherited) @executable_path/../Frameworks @loader_path/../Frameworks";
				PRODUCT_NAME = "$(TARGET_NAME)";
				TEST_HOST = "$(BUNDLE_LOADER)";
			};
			name = Debug;
		};
		B39438B2E353520A8801BAFB /* Debug */ = {
			isa = XCBuildConfiguration;
			buildSettings = {
				ASSETCATALOG_COMPILER_APPICON_NAME = AppIcon;
				COMBINE_HIDPI_IMAGES = YES;
				INFOPLIST_FILE = "OAuth2 LinkedIn OSX/Info.plist";
				LD_RUNPATH_SEARCH_PATHS = "$(inherited) @executable_path/../Frameworks";
				PRODUCT_NAME = "$(TARGET_NAME)";
			};
			name = Debug;
		};
		B3943B34ABC63ED32912A19E /* Release */ = {
			isa = XCBuildConfiguration;
			buildSettings = {
				BUNDLE_LOADER = "$(BUILT_PRODUCTS_DIR)/OAuth2 LinkedIn OSX.app/Contents/MacOS/OAuth2 LinkedIn OSX";
				COMBINE_HIDPI_IMAGES = YES;
				FRAMEWORK_SEARCH_PATHS = (
					"$(DEVELOPER_FRAMEWORKS_DIR)",
					"$(inherited)",
				);
				INFOPLIST_FILE = "OAuth2 LinkedIn OSXTests/Info.plist";
				LD_RUNPATH_SEARCH_PATHS = "$(inherited) @executable_path/../Frameworks @loader_path/../Frameworks";
				PRODUCT_NAME = "$(TARGET_NAME)";
				TEST_HOST = "$(BUNDLE_LOADER)";
			};
			name = Release;
		};
		B3943EE1B4BFE00C0219C870 /* Release */ = {
			isa = XCBuildConfiguration;
			buildSettings = {
				ASSETCATALOG_COMPILER_APPICON_NAME = AppIcon;
				COMBINE_HIDPI_IMAGES = YES;
				INFOPLIST_FILE = "OAuth2 LinkedIn OSX/Info.plist";
				LD_RUNPATH_SEARCH_PATHS = "$(inherited) @executable_path/../Frameworks";
				PRODUCT_NAME = "$(TARGET_NAME)";
			};
			name = Release;
		};
/* End XCBuildConfiguration section */

/* Begin XCConfigurationList section */
		B3943164BADCCFCFD8993E9A /* Build configuration list for PBXProject "OAuth2 LinkedIn OSX" */ = {
			isa = XCConfigurationList;
			buildConfigurations = (
				B394350F591E57E4F3DBC52D /* Debug */,
				B3943113F1DA55563382C07A /* Release */,
			);
			defaultConfigurationIsVisible = 0;
			defaultConfigurationName = Release;
		};
		B3943D758A2BD81575351A8B /* Build configuration list for PBXNativeTarget "OAuth2 LinkedIn OSX" */ = {
			isa = XCConfigurationList;
			buildConfigurations = (
				B39438B2E353520A8801BAFB /* Debug */,
				B3943EE1B4BFE00C0219C870 /* Release */,
			);
			defaultConfigurationIsVisible = 0;
		};
		B3943E107606E3C4E5830A13 /* Build configuration list for PBXNativeTarget "OAuth2 LinkedIn OSXTests" */ = {
			isa = XCConfigurationList;
			buildConfigurations = (
				B394385C24E55395A437BDF0 /* Debug */,
				B3943B34ABC63ED32912A19E /* Release */,
			);
			defaultConfigurationIsVisible = 0;
		};
/* End XCConfigurationList section */
	};
	rootObject = B3943083D2320BEB5ADEB84F /* Project object */;
}
