// !$*UTF8*$!
{
	archiveVersion = 1;
	classes = {
	};
	objectVersion = 46;
	objects = {

/* Begin PBXBuildFile section */
		B39434FF4C46CCDA1677466D /* Twitch_Authentication_SwiftTests.swift in Sources */ = {isa = PBXBuildFile; fileRef = B39430F1046B46D8DB42798C /* Twitch_Authentication_SwiftTests.swift */; };
		B39435D918DC2395BB919A9B /* AppDelegate.swift in Sources */ = {isa = PBXBuildFile; fileRef = B39438F32B84C5ACAB06E81E /* AppDelegate.swift */; };
		B3943653422902F5D4C43F3E /* Main.storyboard in Resources */ = {isa = PBXBuildFile; fileRef = B39433CE36B2D2EF5879A285 /* Main.storyboard */; };
		B39436F94299F7E7C240E897 /* Images.xcassets in Resources */ = {isa = PBXBuildFile; fileRef = B39433E1153FEA9288F473C2 /* Images.xcassets */; };
		B3943DAD8C7BFE02261BC0B0 /* ViewController.swift in Sources */ = {isa = PBXBuildFile; fileRef = B3943485E025C0E2E77872E8 /* ViewController.swift */; };
/* End PBXBuildFile section */

/* Begin PBXContainerItemProxy section */
		B394367B24D95C831D5A9004 /* PBXContainerItemProxy */ = {
			isa = PBXContainerItemProxy;
			containerPortal = B39438810F0316DEDDB7E6FC /* Project object */;
			proxyType = 1;
			remoteGlobalIDString = B3943F4E971DF6B0ACB25F06;
			remoteInfo = "Twitch Authentication Swift";
		};
/* End PBXContainerItemProxy section */

/* Begin PBXFileReference section */
		B39430F1046B46D8DB42798C /* Twitch_Authentication_SwiftTests.swift */ = {isa = PBXFileReference; lastKnownFileType = sourcecode.swift; path = Twitch_Authentication_SwiftTests.swift; sourceTree = "<group>"; };
		B394313879FA9DC718D6FC3E /* Twitch Authentication Swift.app */ = {isa = PBXFileReference; explicitFileType = wrapper.application; includeInIndex = 0; path = "Twitch Authentication Swift.app"; sourceTree = BUILT_PRODUCTS_DIR; };
		B39432D4252144B1ABDA522A /* Info.plist */ = {isa = PBXFileReference; lastKnownFileType = text.plist.info; path = Info.plist; sourceTree = "<group>"; };
		B39433E1153FEA9288F473C2 /* Images.xcassets */ = {isa = PBXFileReference; lastKnownFileType = folder.assetcatalog; path = Images.xcassets; sourceTree = "<group>"; };
		B3943485E025C0E2E77872E8 /* ViewController.swift */ = {isa = PBXFileReference; lastKnownFileType = sourcecode.swift; path = ViewController.swift; sourceTree = "<group>"; };
		B39437B28CE3449938C204FE /* Info.plist */ = {isa = PBXFileReference; lastKnownFileType = text.plist.info; path = Info.plist; sourceTree = "<group>"; };
		B39438F32B84C5ACAB06E81E /* AppDelegate.swift */ = {isa = PBXFileReference; lastKnownFileType = sourcecode.swift; path = AppDelegate.swift; sourceTree = "<group>"; };
		B3943B2EAD61A1C8434E780F /* Base */ = {isa = PBXFileReference; lastKnownFileType = file.storyboard; name = Base; path = Base.lproj/Main.storyboard; sourceTree = "<group>"; };
		B3943B6B332560C8E29C9ACA /* Twitch Authentication SwiftTests.xctest */ = {isa = PBXFileReference; explicitFileType = wrapper.cfbundle; includeInIndex = 0; path = "Twitch Authentication SwiftTests.xctest"; sourceTree = BUILT_PRODUCTS_DIR; };
/* End PBXFileReference section */

/* Begin PBXFrameworksBuildPhase section */
		B3943180B5BDFEFC84A43CD7 /* Frameworks */ = {
			isa = PBXFrameworksBuildPhase;
			buildActionMask = 2147483647;
			files = (
			);
			runOnlyForDeploymentPostprocessing = 0;
		};
		B39437BBAAE468B87E440080 /* Frameworks */ = {
			isa = PBXFrameworksBuildPhase;
			buildActionMask = 2147483647;
			files = (
			);
			runOnlyForDeploymentPostprocessing = 0;
		};
/* End PBXFrameworksBuildPhase section */

/* Begin PBXGroup section */
		B39432D9E207A63FB0E5545C /* Products */ = {
			isa = PBXGroup;
			children = (
				B394313879FA9DC718D6FC3E /* Twitch Authentication Swift.app */,
				B3943B6B332560C8E29C9ACA /* Twitch Authentication SwiftTests.xctest */,
			);
			name = Products;
			sourceTree = "<group>";
		};
		B39433258EA5F0BC3CC5523E /* Supporting Files */ = {
			isa = PBXGroup;
			children = (
				B39437B28CE3449938C204FE /* Info.plist */,
			);
			name = "Supporting Files";
			sourceTree = "<group>";
		};
		B39433B26F26E0E5075B4749 /* Supporting Files */ = {
			isa = PBXGroup;
			children = (
				B39432D4252144B1ABDA522A /* Info.plist */,
			);
			name = "Supporting Files";
			sourceTree = "<group>";
		};
		B3943675D298DC3EB2ED0C3E /* Twitch Authentication SwiftTests */ = {
			isa = PBXGroup;
			children = (
				B39433258EA5F0BC3CC5523E /* Supporting Files */,
				B39430F1046B46D8DB42798C /* Twitch_Authentication_SwiftTests.swift */,
			);
			path = "Twitch Authentication SwiftTests";
			sourceTree = "<group>";
		};
		B394393EF5A52F34A65C1934 = {
			isa = PBXGroup;
			children = (
				B39432D9E207A63FB0E5545C /* Products */,
				B3943E8015E05335591B5AE8 /* Twitch Authentication Swift */,
				B3943675D298DC3EB2ED0C3E /* Twitch Authentication SwiftTests */,
			);
			sourceTree = "<group>";
		};
		B3943E8015E05335591B5AE8 /* Twitch Authentication Swift */ = {
			isa = PBXGroup;
			children = (
				B39433B26F26E0E5075B4749 /* Supporting Files */,
				B39433E1153FEA9288F473C2 /* Images.xcassets */,
				B39438F32B84C5ACAB06E81E /* AppDelegate.swift */,
				B39433CE36B2D2EF5879A285 /* Main.storyboard */,
				B3943485E025C0E2E77872E8 /* ViewController.swift */,
			);
			path = "Twitch Authentication Swift";
			sourceTree = "<group>";
		};
/* End PBXGroup section */

/* Begin PBXNativeTarget section */
		B39433DA6826773025B8B941 /* Twitch Authentication SwiftTests */ = {
			isa = PBXNativeTarget;
			buildConfigurationList = B394368A9A10FEA1DB0FD2D0 /* Build configuration list for PBXNativeTarget "Twitch Authentication SwiftTests" */;
			buildPhases = (
				B3943742D1EE42BF1402E8B1 /* Sources */,
				B39437BBAAE468B87E440080 /* Frameworks */,
				B394393823227597C6C30395 /* Resources */,
			);
			buildRules = (
			);
			dependencies = (
				B394384B8C1AA9E3BFE0803C /* PBXTargetDependency */,
			);
			name = "Twitch Authentication SwiftTests";
			productName = "Twitch Authentication SwiftTests";
			productReference = B3943B6B332560C8E29C9ACA /* Twitch Authentication SwiftTests.xctest */;
			productType = "com.apple.product-type.bundle.unit-test";
		};
		B3943F4E971DF6B0ACB25F06 /* Twitch Authentication Swift */ = {
			isa = PBXNativeTarget;
			buildConfigurationList = B3943867C9E89998492B581D /* Build configuration list for PBXNativeTarget "Twitch Authentication Swift" */;
			buildPhases = (
				B3943F0697A50D1968207C82 /* Sources */,
				B3943180B5BDFEFC84A43CD7 /* Frameworks */,
				B3943D7FB161FE159EA6E10C /* Resources */,
			);
			buildRules = (
			);
			dependencies = (
			);
			name = "Twitch Authentication Swift";
			productName = "Twitch Authentication Swift";
			productReference = B394313879FA9DC718D6FC3E /* Twitch Authentication Swift.app */;
			productType = "com.apple.product-type.application";
		};
/* End PBXNativeTarget section */

/* Begin PBXProject section */
		B39438810F0316DEDDB7E6FC /* Project object */ = {
			isa = PBXProject;
			attributes = {
				ORGANIZATIONNAME = SwiftBlog;
			};
			buildConfigurationList = B39436B7498B67E2265B68E3 /* Build configuration list for PBXProject "Twitch Authentication Swift" */;
			compatibilityVersion = "Xcode 3.2";
			developmentRegion = English;
			hasScannedForEncodings = 0;
			knownRegions = (
				en,
			);
			mainGroup = B394393EF5A52F34A65C1934;
			productRefGroup = B39432D9E207A63FB0E5545C /* Products */;
			projectDirPath = "";
			projectRoot = "";
			targets = (
				B3943F4E971DF6B0ACB25F06 /* Twitch Authentication Swift */,
				B39433DA6826773025B8B941 /* Twitch Authentication SwiftTests */,
			);
		};
/* End PBXProject section */

/* Begin PBXResourcesBuildPhase section */
		B394393823227597C6C30395 /* Resources */ = {
			isa = PBXResourcesBuildPhase;
			buildActionMask = 2147483647;
			files = (
			);
			runOnlyForDeploymentPostprocessing = 0;
		};
		B3943D7FB161FE159EA6E10C /* Resources */ = {
			isa = PBXResourcesBuildPhase;
			buildActionMask = 2147483647;
			files = (
				B39436F94299F7E7C240E897 /* Images.xcassets in Resources */,
				B3943653422902F5D4C43F3E /* Main.storyboard in Resources */,
			);
			runOnlyForDeploymentPostprocessing = 0;
		};
/* End PBXResourcesBuildPhase section */

/* Begin PBXSourcesBuildPhase section */
		B3943742D1EE42BF1402E8B1 /* Sources */ = {
			isa = PBXSourcesBuildPhase;
			buildActionMask = 2147483647;
			files = (
				B39434FF4C46CCDA1677466D /* Twitch_Authentication_SwiftTests.swift in Sources */,
			);
			runOnlyForDeploymentPostprocessing = 0;
		};
		B3943F0697A50D1968207C82 /* Sources */ = {
			isa = PBXSourcesBuildPhase;
			buildActionMask = 2147483647;
			files = (
				B39435D918DC2395BB919A9B /* AppDelegate.swift in Sources */,
				B3943DAD8C7BFE02261BC0B0 /* ViewController.swift in Sources */,
			);
			runOnlyForDeploymentPostprocessing = 0;
		};
/* End PBXSourcesBuildPhase section */

/* Begin PBXTargetDependency section */
		B394384B8C1AA9E3BFE0803C /* PBXTargetDependency */ = {
			isa = PBXTargetDependency;
			target = B3943F4E971DF6B0ACB25F06 /* Twitch Authentication Swift */;
			targetProxy = B394367B24D95C831D5A9004 /* PBXContainerItemProxy */;
		};
/* End PBXTargetDependency section */

/* Begin PBXVariantGroup section */
		B39433CE36B2D2EF5879A285 /* Main.storyboard */ = {
			isa = PBXVariantGroup;
			children = (
				B3943B2EAD61A1C8434E780F /* Base */,
			);
			name = Main.storyboard;
			sourceTree = "<group>";
		};
/* End PBXVariantGroup section */

/* Begin XCBuildConfiguration section */
		B3943112C6B418954F053F22 /* Release */ = {
			isa = XCBuildConfiguration;
			buildSettings = {
				ASSETCATALOG_COMPILER_APPICON_NAME = AppIcon;
				COMBINE_HIDPI_IMAGES = YES;
				INFOPLIST_FILE = "Twitch Authentication Swift/Info.plist";
				LD_RUNPATH_SEARCH_PATHS = "$(inherited) @executable_path/../Frameworks";
				PRODUCT_NAME = "$(TARGET_NAME)";
			};
			name = Release;
		};
		B3943420E035999E8AD1B3E9 /* Debug */ = {
			isa = XCBuildConfiguration;
			buildSettings = {
				ALWAYS_SEARCH_USER_PATHS = NO;
				CLANG_CXX_LANGUAGE_STANDARD = "gnu++0x";
				CLANG_CXX_LIBRARY = "libc++";
				CLANG_ENABLE_MODULES = YES;
				CLANG_ENABLE_OBJC_ARC = YES;
				CLANG_WARN_BOOL_CONVERSION = YES;
				CLANG_WARN_CONSTANT_CONVERSION = YES;
				CLANG_WARN_DIRECT_OBJC_ISA_USAGE = YES_ERROR;
				CLANG_WARN_EMPTY_BODY = YES;
				CLANG_WARN_ENUM_CONVERSION = YES;
				CLANG_WARN_INT_CONVERSION = YES;
				CLANG_WARN_OBJC_ROOT_CLASS = YES_ERROR;
				CLANG_WARN_UNREACHABLE_CODE = YES;
				CLANG_WARN__DUPLICATE_METHOD_MATCH = YES;
				CODE_SIGN_IDENTITY = "-";
				COPY_PHASE_STRIP = NO;
				ENABLE_STRICT_OBJC_MSGSEND = YES;
				GCC_C_LANGUAGE_STANDARD = gnu99;
				GCC_DYNAMIC_NO_PIC = NO;
				GCC_OPTIMIZATION_LEVEL = 0;
				GCC_PREPROCESSOR_DEFINITIONS = (
					"DEBUG=1",
					"$(inherited)",
				);
				GCC_SYMBOLS_PRIVATE_EXTERN = NO;
				GCC_WARN_64_TO_32_BIT_CONVERSION = YES;
				GCC_WARN_ABOUT_RETURN_TYPE = YES_ERROR;
				GCC_WARN_UNDECLARED_SELECTOR = YES;
				GCC_WARN_UNINITIALIZED_AUTOS = YES_AGGRESSIVE;
				GCC_WARN_UNUSED_FUNCTION = YES;
				GCC_WARN_UNUSED_VARIABLE = YES;
				MACOSX_DEPLOYMENT_TARGET = 10.10;
				MTL_ENABLE_DEBUG_INFO = YES;
				ONLY_ACTIVE_ARCH = YES;
				SDKROOT = macosx;
				SWIFT_OPTIMIZATION_LEVEL = "-Onone";
			};
			name = Debug;
		};
		B394351A3B2EED81EEE585BA /* Release */ = {
			isa = XCBuildConfiguration;
			buildSettings = {
				BUNDLE_LOADER = "$(BUILT_PRODUCTS_DIR)/Twitch Authentication Swift.app/Contents/MacOS/Twitch Authentication Swift";
				COMBINE_HIDPI_IMAGES = YES;
				FRAMEWORK_SEARCH_PATHS = (
					"$(DEVELOPER_FRAMEWORKS_DIR)",
					"$(inherited)",
				);
				INFOPLIST_FILE = "Twitch Authentication SwiftTests/Info.plist";
				LD_RUNPATH_SEARCH_PATHS = "$(inherited) @executable_path/../Frameworks @loader_path/../Frameworks";
				PRODUCT_NAME = "$(TARGET_NAME)";
				TEST_HOST = "$(BUNDLE_LOADER)";
			};
			name = Release;
		};
		B39439FF17A5C991FC3868DA /* Debug */ = {
			isa = XCBuildConfiguration;
			buildSettings = {
				ASSETCATALOG_COMPILER_APPICON_NAME = AppIcon;
				COMBINE_HIDPI_IMAGES = YES;
				INFOPLIST_FILE = "Twitch Authentication Swift/Info.plist";
				LD_RUNPATH_SEARCH_PATHS = "$(inherited) @executable_path/../Frameworks";
				PRODUCT_NAME = "$(TARGET_NAME)";
			};
			name = Debug;
		};
		B3943AE3019371C5F80E09B1 /* Debug */ = {
			isa = XCBuildConfiguration;
			buildSettings = {
				BUNDLE_LOADER = "$(BUILT_PRODUCTS_DIR)/Twitch Authentication Swift.app/Contents/MacOS/Twitch Authentication Swift";
				COMBINE_HIDPI_IMAGES = YES;
				FRAMEWORK_SEARCH_PATHS = (
					"$(DEVELOPER_FRAMEWORKS_DIR)",
					"$(inherited)",
				);
				INFOPLIST_FILE = "Twitch Authentication SwiftTests/Info.plist";
				LD_RUNPATH_SEARCH_PATHS = "$(inherited) @executable_path/../Frameworks @loader_path/../Frameworks";
				PRODUCT_NAME = "$(TARGET_NAME)";
				TEST_HOST = "$(BUNDLE_LOADER)";
			};
			name = Debug;
		};
		B3943B89767F1F6E077643EF /* Release */ = {
			isa = XCBuildConfiguration;
			buildSettings = {
				ALWAYS_SEARCH_USER_PATHS = NO;
				CLANG_CXX_LANGUAGE_STANDARD = "gnu++0x";
				CLANG_CXX_LIBRARY = "libc++";
				CLANG_ENABLE_MODULES = YES;
				CLANG_ENABLE_OBJC_ARC = YES;
				CLANG_WARN_BOOL_CONVERSION = YES;
				CLANG_WARN_CONSTANT_CONVERSION = YES;
				CLANG_WARN_DIRECT_OBJC_ISA_USAGE = YES_ERROR;
				CLANG_WARN_EMPTY_BODY = YES;
				CLANG_WARN_ENUM_CONVERSION = YES;
				CLANG_WARN_INT_CONVERSION = YES;
				CLANG_WARN_OBJC_ROOT_CLASS = YES_ERROR;
				CLANG_WARN_UNREACHABLE_CODE = YES;
				CLANG_WARN__DUPLICATE_METHOD_MATCH = YES;
				CODE_SIGN_IDENTITY = "-";
				COPY_PHASE_STRIP = YES;
				DEBUG_INFORMATION_FORMAT = "dwarf-with-dsym";
				ENABLE_NS_ASSERTIONS = NO;
				ENABLE_STRICT_OBJC_MSGSEND = YES;
				GCC_C_LANGUAGE_STANDARD = gnu99;
				GCC_WARN_64_TO_32_BIT_CONVERSION = YES;
				GCC_WARN_ABOUT_RETURN_TYPE = YES_ERROR;
				GCC_WARN_UNDECLARED_SELECTOR = YES;
				GCC_WARN_UNINITIALIZED_AUTOS = YES_AGGRESSIVE;
				GCC_WARN_UNUSED_FUNCTION = YES;
				GCC_WARN_UNUSED_VARIABLE = YES;
				MACOSX_DEPLOYMENT_TARGET = 10.10;
				MTL_ENABLE_DEBUG_INFO = NO;
				SDKROOT = macosx;
			};
			name = Release;
		};
/* End XCBuildConfiguration section */

/* Begin XCConfigurationList section */
		B394368A9A10FEA1DB0FD2D0 /* Build configuration list for PBXNativeTarget "Twitch Authentication SwiftTests" */ = {
			isa = XCConfigurationList;
			buildConfigurations = (
				B3943AE3019371C5F80E09B1 /* Debug */,
				B394351A3B2EED81EEE585BA /* Release */,
			);
			defaultConfigurationIsVisible = 0;
		};
		B39436B7498B67E2265B68E3 /* Build configuration list for PBXProject "Twitch Authentication Swift" */ = {
			isa = XCConfigurationList;
			buildConfigurations = (
				B3943420E035999E8AD1B3E9 /* Debug */,
				B3943B89767F1F6E077643EF /* Release */,
			);
			defaultConfigurationIsVisible = 0;
			defaultConfigurationName = Release;
		};
		B3943867C9E89998492B581D /* Build configuration list for PBXNativeTarget "Twitch Authentication Swift" */ = {
			isa = XCConfigurationList;
			buildConfigurations = (
				B39439FF17A5C991FC3868DA /* Debug */,
				B3943112C6B418954F053F22 /* Release */,
			);
			defaultConfigurationIsVisible = 0;
		};
/* End XCConfigurationList section */
	};
	rootObject = B39438810F0316DEDDB7E6FC /* Project object */;
}
