<?xml version="1.0" encoding="UTF-8"?>
<Scheme
   version = "1.3">
   <BuildAction>
      <BuildActionEntries>
         <BuildActionEntry
            buildForRunning = "YES">
            <BuildableReference
               BuildableIdentifier = "primary"
               BlueprintIdentifier = "B3943ABA373C070D812E515B"
               BuildableName = "Salesforce Authentication Swift.app"
               BlueprintName = "Salesforce Authentication Swift"
               ReferencedContainer = "container:Salesforce Authentication Swift.xcodeproj">
            </BuildableReference>
         </BuildActionEntry>
      </BuildActionEntries>
   </BuildAction>
   <LaunchAction
      useCustomWorkingDirectory = "NO"
      buildConfiguration = "Debug">
      <BuildableProductRunnable>
         <BuildableReference
            BuildableIdentifier = "primary"
            BlueprintIdentifier = "B3943ABA373C070D812E515B"
            BuildableName = "Salesforce Authentication Swift.app"
            BlueprintName = "Salesforce Authentication Swift"
            ReferencedContainer = "container:Salesforce Authentication Swift.xcodeproj">
         </BuildableReference>
      </BuildableProductRunnable>
   </LaunchAction>
</Scheme>
