<?xml version="1.0" encoding="UTF-8"?>
<Scheme
   version = "1.3">
   <BuildAction>
      <BuildActionEntries>
         <BuildActionEntry
            buildForRunning = "YES">
            <BuildableReference
               BuildableIdentifier = "primary"
               BlueprintIdentifier = "B3943053BD6421C06B1E5184"
               BuildableName = "LinkedIn AUthentication Swift iOS.app"
               BlueprintName = "LinkedIn AUthentication Swift iOS"
               ReferencedContainer = "container:LinkedIn AUthentication Swift iOS.xcodeproj">
            </BuildableReference>
         </BuildActionEntry>
      </BuildActionEntries>
   </BuildAction>
   <LaunchAction
      useCustomWorkingDirectory = "NO"
      buildConfiguration = "Debug">
      <BuildableProductRunnable>
         <BuildableReference
            BuildableIdentifier = "primary"
            BlueprintIdentifier = "B3943053BD6421C06B1E5184"
            BuildableName = "LinkedIn AUthentication Swift iOS.app"
            BlueprintName = "LinkedIn AUthentication Swift iOS"
            ReferencedContainer = "container:LinkedIn AUthentication Swift iOS.xcodeproj">
         </BuildableReference>
      </BuildableProductRunnable>
   </LaunchAction>
</Scheme>
