<?xml version="1.0" encoding="UTF-8"?>
<Scheme
   version = "1.3">
   <BuildAction>
      <BuildActionEntries>
         <BuildActionEntry
            buildForRunning = "YES">
            <BuildableReference
               BuildableIdentifier = "primary"
               BlueprintIdentifier = "B39434C14DD25A04BB8A3CD8"
               BuildableName = "AOL Authentication Swift.app"
               BlueprintName = "AOL Authentication Swift"
               ReferencedContainer = "container:AOL Authentication Swift.xcodeproj">
            </BuildableReference>
         </BuildActionEntry>
      </BuildActionEntries>
   </BuildAction>
   <LaunchAction
      useCustomWorkingDirectory = "NO"
      buildConfiguration = "Debug">
      <BuildableProductRunnable>
         <BuildableReference
            BuildableIdentifier = "primary"
            BlueprintIdentifier = "B39434C14DD25A04BB8A3CD8"
            BuildableName = "AOL Authentication Swift.app"
            BlueprintName = "AOL Authentication Swift"
            ReferencedContainer = "container:AOL Authentication Swift.xcodeproj">
         </BuildableReference>
      </BuildableProductRunnable>
   </LaunchAction>
</Scheme>
