<?xml version="1.0" encoding="UTF-8"?>
<Scheme
   version = "1.3">
   <BuildAction>
      <BuildActionEntries>
         <BuildActionEntry
            buildForRunning = "YES">
            <BuildableReference
               BuildableIdentifier = "primary"
               BlueprintIdentifier = "B3943465CB5CA4B001BE3592"
               BuildableName = "OAuth2 LinkedIn OSX.app"
               BlueprintName = "OAuth2 LinkedIn OSX"
               ReferencedContainer = "container:OAuth2 LinkedIn OSX.xcodeproj">
            </BuildableReference>
         </BuildActionEntry>
      </BuildActionEntries>
   </BuildAction>
   <LaunchAction
      useCustomWorkingDirectory = "NO"
      buildConfiguration = "Debug">
      <BuildableProductRunnable>
         <BuildableReference
            BuildableIdentifier = "primary"
            BlueprintIdentifier = "B3943465CB5CA4B001BE3592"
            BuildableName = "OAuth2 LinkedIn OSX.app"
            BlueprintName = "OAuth2 LinkedIn OSX"
            ReferencedContainer = "container:OAuth2 LinkedIn OSX.xcodeproj">
         </BuildableReference>
      </BuildableProductRunnable>
   </LaunchAction>
</Scheme>
